PODS:
  - Alamofire (4.4.0)
  - Argo (4.1.2):
    - Runes (>= 4.0.0)
  - Curry (3.0.0)
  - ObjcExceptionBridging (1.0.1):
    - ObjcExceptionBridging/ObjcExceptionBridging (= 1.0.1)
  - ObjcExceptionBridging/ObjcExceptionBridging (1.0.1)
  - ReactiveSwift (1.1.3):
    - Result (~> 3.2)
  - Result (3.2.1)
  - Runes (4.0.1)
  - Swinject (2.0.0)
  - SwinjectAutoregistration (2.0.1):
    - Swinject (~> 2.0.0)
  - XCGLogger (5.0.1):
    - XCGLogger/Core (= 5.0.1)
  - XCGLogger/Core (5.0.1):
    - ObjcExceptionBridging

DEPENDENCIES:
  - Alamofire (~> 4.4.0)
  - Argo (~> 4.1.0)
  - Curry (~> 3.0.0)
  - ReactiveSwift (~> 1.1.0)
  - SwinjectAutoregistration (~> 2.0.0)
  - XCGLogger (~> 5.0)

SPEC CHECKSUMS:
  Alamofire: dc44b1600b800eb63da6a19039a0083d62a6a62d
  Argo: 5db06502fc1222d83011f574243089dab25202ff
  Curry: eb3d2c75aec678b3cc7fb2729d2ad6dd121531d1
  ObjcExceptionBridging: c30e00eb3700467e695faeea30e26e18bd445001
  ReactiveSwift: f54ba12c2e799003432930fa55495315ae44f32b
  Result: 2453a22e5c5b11c0c3a478736e82cd02f763b781
  Runes: ff20f163b478ac2c0e18158d6086fd5b1997f983
  Swinject: 2e964a80d70ab09b3949c99032711f89147bfd60
  SwinjectAutoregistration: d19654c429354bad4b544c658dc92345ccdbb72c
  XCGLogger: 0b43697155d41e4a1b15fc776f319c2141646b09

PODFILE CHECKSUM: 7bc3bc9bf6b45da9b3edb7b6fbacb2e76a99a46f

COCOAPODS: 1.2.1
