// !$*UTF8*$!
{
	archiveVersion = 1;
	classes = {
	};
	objectVersion = 46;
	objects = {

/* Begin PBXBuildFile section */
		3EF8A60861FAB95D8863B669 /* Pods_AliceTests.framework in Frameworks */ = {isa = PBXBuildFile; fileRef = CD9284442721E00A33C923E5 /* Pods_AliceTests.framework */; };
		7B1CE66A5BAF981F545EF487 /* Pods_AliceUITests.framework in Frameworks */ = {isa = PBXBuildFile; fileRef = A2EF4836AA21884D8A4893DA /* Pods_AliceUITests.framework */; };
		C71CB68D1E86945900CA6681 /* PersonalData.swift in Sources */ = {isa = PBXBuildFile; fileRef = C71CB68C1E86945900CA6681 /* PersonalData.swift */; };
		C742929B1EAAAC7900EFDDE5 /* ExternalAppView.xib in Resources */ = {isa = PBXBuildFile; fileRef = C742929A1EAAAC7900EFDDE5 /* ExternalAppView.xib */; };
		C742929D1EAAAC8400EFDDE5 /* ExternalAppView.swift in Sources */ = {isa = PBXBuildFile; fileRef = C742929C1EAAAC8400EFDDE5 /* ExternalAppView.swift */; };
		C744E84E1E80184C00DE2E7F /* AppDelegate.swift in Sources */ = {isa = PBXBuildFile; fileRef = C744E84D1E80184C00DE2E7F /* AppDelegate.swift */; };
		C744E8531E80184C00DE2E7F /* Main.storyboard in Resources */ = {isa = PBXBuildFile; fileRef = C744E8511E80184C00DE2E7F /* Main.storyboard */; };
		C744E8551E80184C00DE2E7F /* Assets.xcassets in Resources */ = {isa = PBXBuildFile; fileRef = C744E8541E80184C00DE2E7F /* Assets.xcassets */; };
		C744E8861E80312100DE2E7F /* GeneralInformationView.swift in Sources */ = {isa = PBXBuildFile; fileRef = C744E8851E80312100DE2E7F /* GeneralInformationView.swift */; };
		C744E8881E80313500DE2E7F /* GeneralInforationViewModel.swift in Sources */ = {isa = PBXBuildFile; fileRef = C744E8871E80313500DE2E7F /* GeneralInforationViewModel.swift */; };
		C744E88A1E8039D700DE2E7F /* Recorder.swift in Sources */ = {isa = PBXBuildFile; fileRef = C744E8891E8039D700DE2E7F /* Recorder.swift */; };
		C758FAE81EABF69E00249393 /* InformationRowView.swift in Sources */ = {isa = PBXBuildFile; fileRef = C758FAE71EABF69E00249393 /* InformationRowView.swift */; };
		C758FAEA1EABF6A600249393 /* InformationRowView.xib in Resources */ = {isa = PBXBuildFile; fileRef = C758FAE91EABF6A600249393 /* InformationRowView.xib */; };
		C76BC4E61E83399100475956 /* InterviewQuestion.swift in Sources */ = {isa = PBXBuildFile; fileRef = C76BC4E51E83399100475956 /* InterviewQuestion.swift */; };
		C77629811E893BC00085CE9A /* PassKit.framework in Frameworks */ = {isa = PBXBuildFile; fileRef = C77629801E893BC00085CE9A /* PassKit.framework */; };
		C791D5DB1E86099200BE7088 /* CloudKit.framework in Frameworks */ = {isa = PBXBuildFile; fileRef = C791D5DA1E86099200BE7088 /* CloudKit.framework */; };
		C791D5DD1E86254800BE7088 /* Quote.swift in Sources */ = {isa = PBXBuildFile; fileRef = C791D5DC1E86254800BE7088 /* Quote.swift */; };
		C798F8431E807583002D7C07 /* Speech.swift in Sources */ = {isa = PBXBuildFile; fileRef = C798F8421E807583002D7C07 /* Speech.swift */; };
		C798F84B1E82D55B002D7C07 /* WelcomeView.swift in Sources */ = {isa = PBXBuildFile; fileRef = C798F84A1E82D55B002D7C07 /* WelcomeView.swift */; };
		C798F84D1E82D598002D7C07 /* UserStoryView.swift in Sources */ = {isa = PBXBuildFile; fileRef = C798F84C1E82D598002D7C07 /* UserStoryView.swift */; };
		C798F84F1E82D5C7002D7C07 /* AdditionalQuestionsView.swift in Sources */ = {isa = PBXBuildFile; fileRef = C798F84E1E82D5C7002D7C07 /* AdditionalQuestionsView.swift */; };
		C798F8511E82D5E3002D7C07 /* DataAccessView.swift in Sources */ = {isa = PBXBuildFile; fileRef = C798F8501E82D5E3002D7C07 /* DataAccessView.swift */; };
		C798F8531E82D628002D7C07 /* SummaryView.swift in Sources */ = {isa = PBXBuildFile; fileRef = C798F8521E82D628002D7C07 /* SummaryView.swift */; };
		C798F8551E82D641002D7C07 /* PaymentView.swift in Sources */ = {isa = PBXBuildFile; fileRef = C798F8541E82D641002D7C07 /* PaymentView.swift */; };
		C798F8571E82D67A002D7C07 /* WelcomeViewModel.swift in Sources */ = {isa = PBXBuildFile; fileRef = C798F8561E82D67A002D7C07 /* WelcomeViewModel.swift */; };
		C798F8591E82D6A3002D7C07 /* UserStoryViewModel.swift in Sources */ = {isa = PBXBuildFile; fileRef = C798F8581E82D6A3002D7C07 /* UserStoryViewModel.swift */; };
		C798F85B1E82D6BC002D7C07 /* AdditionalQuestionsViewModel.swift in Sources */ = {isa = PBXBuildFile; fileRef = C798F85A1E82D6BC002D7C07 /* AdditionalQuestionsViewModel.swift */; };
		C798F85D1E82D71C002D7C07 /* DataAccessViewModel.swift in Sources */ = {isa = PBXBuildFile; fileRef = C798F85C1E82D71C002D7C07 /* DataAccessViewModel.swift */; };
		C798F85F1E82D739002D7C07 /* SummaryViewModel.swift in Sources */ = {isa = PBXBuildFile; fileRef = C798F85E1E82D739002D7C07 /* SummaryViewModel.swift */; };
		C798F8611E82D760002D7C07 /* PaymentViewModel.swift in Sources */ = {isa = PBXBuildFile; fileRef = C798F8601E82D760002D7C07 /* PaymentViewModel.swift */; };
		C798F8631E82DF1D002D7C07 /* ViewModel.swift in Sources */ = {isa = PBXBuildFile; fileRef = C798F8621E82DF1D002D7C07 /* ViewModel.swift */; };
		C7D22D2B1E8300B70062D199 /* sounds in Resources */ = {isa = PBXBuildFile; fileRef = C7D22D2A1E8300B70062D199 /* sounds */; };
		C7D22D2D1E8301A40062D199 /* Sounds.swift in Sources */ = {isa = PBXBuildFile; fileRef = C7D22D2C1E8301A40062D199 /* Sounds.swift */; };
		C7E6EC6D1EAA787500EC63CE /* AliceSaysView.xib in Resources */ = {isa = PBXBuildFile; fileRef = C7E6EC6C1EAA787500EC63CE /* AliceSaysView.xib */; };
		C7E6EC6F1EAA788000EC63CE /* AliceSaysView.swift in Sources */ = {isa = PBXBuildFile; fileRef = C7E6EC6E1EAA788000EC63CE /* AliceSaysView.swift */; };
		C7E739631E8521F000F14AAF /* ExternalApps.swift in Sources */ = {isa = PBXBuildFile; fileRef = C7E739621E8521F000F14AAF /* ExternalApps.swift */; };
		C7E739651E852BBF00F14AAF /* HealthKit.swift in Sources */ = {isa = PBXBuildFile; fileRef = C7E739641E852BBF00F14AAF /* HealthKit.swift */; };
		C7E739671E8551AC00F14AAF /* UIColor+Additions.swift in Sources */ = {isa = PBXBuildFile; fileRef = C7E739661E8551AC00F14AAF /* UIColor+Additions.swift */; };
		C7E739691E8551D500F14AAF /* UIFont+Additions.swift in Sources */ = {isa = PBXBuildFile; fileRef = C7E739681E8551D500F14AAF /* UIFont+Additions.swift */; };
		C7E7396B1E855AFA00F14AAF /* UIButton.swift in Sources */ = {isa = PBXBuildFile; fileRef = C7E7396A1E855AFA00F14AAF /* UIButton.swift */; };
		C7E7396D1E8562A800F14AAF /* fonts in Resources */ = {isa = PBXBuildFile; fileRef = C7E7396C1E8562A800F14AAF /* fonts */; };
		C7E739711E85A24500F14AAF /* WaveformView.swift in Sources */ = {isa = PBXBuildFile; fileRef = C7E739701E85A24500F14AAF /* WaveformView.swift */; };
		C7E95DBD1E8502C500007646 /* AnalyzeResult.swift in Sources */ = {isa = PBXBuildFile; fileRef = C7E95DBC1E8502C500007646 /* AnalyzeResult.swift */; };
		C7E95DBF1E85070000007646 /* BackendUrls.swift in Sources */ = {isa = PBXBuildFile; fileRef = C7E95DBE1E85070000007646 /* BackendUrls.swift */; };
		C7E95DC11E851AE300007646 /* appConfig.plist in Resources */ = {isa = PBXBuildFile; fileRef = C7E95DC01E851AE300007646 /* appConfig.plist */; };
		C7E95DC31E851B0D00007646 /* AppConfig.swift in Sources */ = {isa = PBXBuildFile; fileRef = C7E95DC21E851B0D00007646 /* AppConfig.swift */; };
		C7FF806E1E848BED0041B312 /* UserInformation.swift in Sources */ = {isa = PBXBuildFile; fileRef = C7FF806D1E848BED0041B312 /* UserInformation.swift */; };
		C7FF80721E848D510041B312 /* Backend.swift in Sources */ = {isa = PBXBuildFile; fileRef = C7FF80711E848D510041B312 /* Backend.swift */; };
		E1014E02E7D75CA1E5912D82 /* Pods_Alice.framework in Frameworks */ = {isa = PBXBuildFile; fileRef = EE30770D8B7956132000BFA9 /* Pods_Alice.framework */; };
/* End PBXBuildFile section */

/* Begin PBXContainerItemProxy section */
		C744E85F1E80184D00DE2E7F /* PBXContainerItemProxy */ = {
			isa = PBXContainerItemProxy;
			containerPortal = C744E8421E80184C00DE2E7F /* Project object */;
			proxyType = 1;
			remoteGlobalIDString = C744E8491E80184C00DE2E7F;
			remoteInfo = Quotation3.0;
		};
		C744E86A1E80184D00DE2E7F /* PBXContainerItemProxy */ = {
			isa = PBXContainerItemProxy;
			containerPortal = C744E8421E80184C00DE2E7F /* Project object */;
			proxyType = 1;
			remoteGlobalIDString = C744E8491E80184C00DE2E7F;
			remoteInfo = Quotation3.0;
		};
/* End PBXContainerItemProxy section */

/* Begin PBXFileReference section */
		144C444393A2F09E2078C614 /* Pods-Quotation3.0.release.xcconfig */ = {isa = PBXFileReference; includeInIndex = 1; lastKnownFileType = text.xcconfig; name = "Pods-Quotation3.0.release.xcconfig"; path = "Pods/Target Support Files/Pods-Quotation3.0/Pods-Quotation3.0.release.xcconfig"; sourceTree = "<group>"; };
		65F8E8E5E2A3CE798E6820D9 /* Pods-Quotation3.0UITests.release.xcconfig */ = {isa = PBXFileReference; includeInIndex = 1; lastKnownFileType = text.xcconfig; name = "Pods-Quotation3.0UITests.release.xcconfig"; path = "Pods/Target Support Files/Pods-Quotation3.0UITests/Pods-Quotation3.0UITests.release.xcconfig"; sourceTree = "<group>"; };
		6D364770750E2C0BF4C6FBF6 /* Pods-Quotation3.0UITests.debug.xcconfig */ = {isa = PBXFileReference; includeInIndex = 1; lastKnownFileType = text.xcconfig; name = "Pods-Quotation3.0UITests.debug.xcconfig"; path = "Pods/Target Support Files/Pods-Quotation3.0UITests/Pods-Quotation3.0UITests.debug.xcconfig"; sourceTree = "<group>"; };
		749910AFBA1063E29F65E851 /* Pods-AliceUITests.release.xcconfig */ = {isa = PBXFileReference; includeInIndex = 1; lastKnownFileType = text.xcconfig; name = "Pods-AliceUITests.release.xcconfig"; path = "Pods/Target Support Files/Pods-AliceUITests/Pods-AliceUITests.release.xcconfig"; sourceTree = "<group>"; };
		7891FECE4A97AF4683E25E26 /* Pods-Alice.release.xcconfig */ = {isa = PBXFileReference; includeInIndex = 1; lastKnownFileType = text.xcconfig; name = "Pods-Alice.release.xcconfig"; path = "Pods/Target Support Files/Pods-Alice/Pods-Alice.release.xcconfig"; sourceTree = "<group>"; };
		8A85A9826F342075FB691A4C /* Pods-Quotation3.0Tests.release.xcconfig */ = {isa = PBXFileReference; includeInIndex = 1; lastKnownFileType = text.xcconfig; name = "Pods-Quotation3.0Tests.release.xcconfig"; path = "Pods/Target Support Files/Pods-Quotation3.0Tests/Pods-Quotation3.0Tests.release.xcconfig"; sourceTree = "<group>"; };
		A2EF4836AA21884D8A4893DA /* Pods_AliceUITests.framework */ = {isa = PBXFileReference; explicitFileType = wrapper.framework; includeInIndex = 0; path = Pods_AliceUITests.framework; sourceTree = BUILT_PRODUCTS_DIR; };
		B6F59384AB9A12DF0C84F360 /* Pods-AliceTests.release.xcconfig */ = {isa = PBXFileReference; includeInIndex = 1; lastKnownFileType = text.xcconfig; name = "Pods-AliceTests.release.xcconfig"; path = "Pods/Target Support Files/Pods-AliceTests/Pods-AliceTests.release.xcconfig"; sourceTree = "<group>"; };
		B797B79527740A61C564C6D7 /* Pods-AliceTests.debug.xcconfig */ = {isa = PBXFileReference; includeInIndex = 1; lastKnownFileType = text.xcconfig; name = "Pods-AliceTests.debug.xcconfig"; path = "Pods/Target Support Files/Pods-AliceTests/Pods-AliceTests.debug.xcconfig"; sourceTree = "<group>"; };
		C5184271CDE375984C586272 /* Pods-AliceUITests.debug.xcconfig */ = {isa = PBXFileReference; includeInIndex = 1; lastKnownFileType = text.xcconfig; name = "Pods-AliceUITests.debug.xcconfig"; path = "Pods/Target Support Files/Pods-AliceUITests/Pods-AliceUITests.debug.xcconfig"; sourceTree = "<group>"; };
		C71CB68C1E86945900CA6681 /* PersonalData.swift */ = {isa = PBXFileReference; fileEncoding = 4; lastKnownFileType = sourcecode.swift; path = PersonalData.swift; sourceTree = "<group>"; };
		C742929A1EAAAC7900EFDDE5 /* ExternalAppView.xib */ = {isa = PBXFileReference; fileEncoding = 4; lastKnownFileType = file.xib; path = ExternalAppView.xib; sourceTree = "<group>"; };
		C742929C1EAAAC8400EFDDE5 /* ExternalAppView.swift */ = {isa = PBXFileReference; fileEncoding = 4; lastKnownFileType = sourcecode.swift; path = ExternalAppView.swift; sourceTree = "<group>"; };
		C744E84A1E80184C00DE2E7F /* Alice Alianz.app */ = {isa = PBXFileReference; explicitFileType = wrapper.application; includeInIndex = 0; path = "Alice Alianz.app"; sourceTree = BUILT_PRODUCTS_DIR; };
		C744E84D1E80184C00DE2E7F /* AppDelegate.swift */ = {isa = PBXFileReference; lastKnownFileType = sourcecode.swift; path = AppDelegate.swift; sourceTree = "<group>"; };
		C744E8521E80184C00DE2E7F /* Base */ = {isa = PBXFileReference; lastKnownFileType = file.storyboard; name = Base; path = Base.lproj/Main.storyboard; sourceTree = "<group>"; };
		C744E8541E80184C00DE2E7F /* Assets.xcassets */ = {isa = PBXFileReference; lastKnownFileType = folder.assetcatalog; path = Assets.xcassets; sourceTree = "<group>"; };
		C744E8591E80184C00DE2E7F /* Info.plist */ = {isa = PBXFileReference; lastKnownFileType = text.plist.xml; path = Info.plist; sourceTree = "<group>"; };
		C744E85E1E80184D00DE2E7F /* AliceTests.xctest */ = {isa = PBXFileReference; explicitFileType = wrapper.cfbundle; includeInIndex = 0; path = AliceTests.xctest; sourceTree = BUILT_PRODUCTS_DIR; };
		C744E8641E80184D00DE2E7F /* Info.plist */ = {isa = PBXFileReference; lastKnownFileType = text.plist.xml; path = Info.plist; sourceTree = "<group>"; };
		C744E8691E80184D00DE2E7F /* AliceUITests.xctest */ = {isa = PBXFileReference; explicitFileType = wrapper.cfbundle; includeInIndex = 0; path = AliceUITests.xctest; sourceTree = BUILT_PRODUCTS_DIR; };
		C744E86F1E80184D00DE2E7F /* Info.plist */ = {isa = PBXFileReference; lastKnownFileType = text.plist.xml; path = Info.plist; sourceTree = "<group>"; };
		C744E87B1E801A1E00DE2E7F /* Quotation3.0.entitlements */ = {isa = PBXFileReference; lastKnownFileType = text.plist.entitlements; path = Quotation3.0.entitlements; sourceTree = "<group>"; };
		C744E8851E80312100DE2E7F /* GeneralInformationView.swift */ = {isa = PBXFileReference; fileEncoding = 4; lastKnownFileType = sourcecode.swift; path = GeneralInformationView.swift; sourceTree = "<group>"; };
		C744E8871E80313500DE2E7F /* GeneralInforationViewModel.swift */ = {isa = PBXFileReference; fileEncoding = 4; lastKnownFileType = sourcecode.swift; path = GeneralInforationViewModel.swift; sourceTree = "<group>"; };
		C744E8891E8039D700DE2E7F /* Recorder.swift */ = {isa = PBXFileReference; fileEncoding = 4; lastKnownFileType = sourcecode.swift; path = Recorder.swift; sourceTree = "<group>"; };
		C758FAE71EABF69E00249393 /* InformationRowView.swift */ = {isa = PBXFileReference; fileEncoding = 4; lastKnownFileType = sourcecode.swift; path = InformationRowView.swift; sourceTree = "<group>"; };
		C758FAE91EABF6A600249393 /* InformationRowView.xib */ = {isa = PBXFileReference; fileEncoding = 4; lastKnownFileType = file.xib; path = InformationRowView.xib; sourceTree = "<group>"; };
		C76BC4E51E83399100475956 /* InterviewQuestion.swift */ = {isa = PBXFileReference; fileEncoding = 4; lastKnownFileType = sourcecode.swift; path = InterviewQuestion.swift; sourceTree = "<group>"; };
		C77629801E893BC00085CE9A /* PassKit.framework */ = {isa = PBXFileReference; lastKnownFileType = wrapper.framework; name = PassKit.framework; path = System/Library/Frameworks/PassKit.framework; sourceTree = SDKROOT; };
		C791D5DA1E86099200BE7088 /* CloudKit.framework */ = {isa = PBXFileReference; lastKnownFileType = wrapper.framework; name = CloudKit.framework; path = System/Library/Frameworks/CloudKit.framework; sourceTree = SDKROOT; };
		C791D5DC1E86254800BE7088 /* Quote.swift */ = {isa = PBXFileReference; fileEncoding = 4; lastKnownFileType = sourcecode.swift; path = Quote.swift; sourceTree = "<group>"; };
		C798F8421E807583002D7C07 /* Speech.swift */ = {isa = PBXFileReference; fileEncoding = 4; lastKnownFileType = sourcecode.swift; path = Speech.swift; sourceTree = "<group>"; };
		C798F84A1E82D55B002D7C07 /* WelcomeView.swift */ = {isa = PBXFileReference; fileEncoding = 4; lastKnownFileType = sourcecode.swift; path = WelcomeView.swift; sourceTree = "<group>"; };
		C798F84C1E82D598002D7C07 /* UserStoryView.swift */ = {isa = PBXFileReference; fileEncoding = 4; lastKnownFileType = sourcecode.swift; path = UserStoryView.swift; sourceTree = "<group>"; };
		C798F84E1E82D5C7002D7C07 /* AdditionalQuestionsView.swift */ = {isa = PBXFileReference; fileEncoding = 4; lastKnownFileType = sourcecode.swift; path = AdditionalQuestionsView.swift; sourceTree = "<group>"; };
		C798F8501E82D5E3002D7C07 /* DataAccessView.swift */ = {isa = PBXFileReference; fileEncoding = 4; lastKnownFileType = sourcecode.swift; path = DataAccessView.swift; sourceTree = "<group>"; };
		C798F8521E82D628002D7C07 /* SummaryView.swift */ = {isa = PBXFileReference; fileEncoding = 4; lastKnownFileType = sourcecode.swift; path = SummaryView.swift; sourceTree = "<group>"; };
		C798F8541E82D641002D7C07 /* PaymentView.swift */ = {isa = PBXFileReference; fileEncoding = 4; lastKnownFileType = sourcecode.swift; path = PaymentView.swift; sourceTree = "<group>"; };
		C798F8561E82D67A002D7C07 /* WelcomeViewModel.swift */ = {isa = PBXFileReference; fileEncoding = 4; lastKnownFileType = sourcecode.swift; path = WelcomeViewModel.swift; sourceTree = "<group>"; };
		C798F8581E82D6A3002D7C07 /* UserStoryViewModel.swift */ = {isa = PBXFileReference; fileEncoding = 4; lastKnownFileType = sourcecode.swift; path = UserStoryViewModel.swift; sourceTree = "<group>"; };
		C798F85A1E82D6BC002D7C07 /* AdditionalQuestionsViewModel.swift */ = {isa = PBXFileReference; fileEncoding = 4; lastKnownFileType = sourcecode.swift; path = AdditionalQuestionsViewModel.swift; sourceTree = "<group>"; };
		C798F85C1E82D71C002D7C07 /* DataAccessViewModel.swift */ = {isa = PBXFileReference; fileEncoding = 4; lastKnownFileType = sourcecode.swift; path = DataAccessViewModel.swift; sourceTree = "<group>"; };
		C798F85E1E82D739002D7C07 /* SummaryViewModel.swift */ = {isa = PBXFileReference; fileEncoding = 4; lastKnownFileType = sourcecode.swift; path = SummaryViewModel.swift; sourceTree = "<group>"; };
		C798F8601E82D760002D7C07 /* PaymentViewModel.swift */ = {isa = PBXFileReference; fileEncoding = 4; lastKnownFileType = sourcecode.swift; path = PaymentViewModel.swift; sourceTree = "<group>"; };
		C798F8621E82DF1D002D7C07 /* ViewModel.swift */ = {isa = PBXFileReference; fileEncoding = 4; lastKnownFileType = sourcecode.swift; path = ViewModel.swift; sourceTree = "<group>"; };
		C7D22D2A1E8300B70062D199 /* sounds */ = {isa = PBXFileReference; lastKnownFileType = folder; path = sounds; sourceTree = "<group>"; };
		C7D22D2C1E8301A40062D199 /* Sounds.swift */ = {isa = PBXFileReference; fileEncoding = 4; lastKnownFileType = sourcecode.swift; path = Sounds.swift; sourceTree = "<group>"; };
		C7E6EC6C1EAA787500EC63CE /* AliceSaysView.xib */ = {isa = PBXFileReference; fileEncoding = 4; lastKnownFileType = file.xib; name = AliceSaysView.xib; path = Quotation3.0/UI/AliceSays/AliceSaysView.xib; sourceTree = SOURCE_ROOT; };
		C7E6EC6E1EAA788000EC63CE /* AliceSaysView.swift */ = {isa = PBXFileReference; fileEncoding = 4; lastKnownFileType = sourcecode.swift; name = AliceSaysView.swift; path = Quotation3.0/UI/AliceSays/AliceSaysView.swift; sourceTree = SOURCE_ROOT; };
		C7E739621E8521F000F14AAF /* ExternalApps.swift */ = {isa = PBXFileReference; fileEncoding = 4; lastKnownFileType = sourcecode.swift; path = ExternalApps.swift; sourceTree = "<group>"; };
		C7E739641E852BBF00F14AAF /* HealthKit.swift */ = {isa = PBXFileReference; fileEncoding = 4; lastKnownFileType = sourcecode.swift; path = HealthKit.swift; sourceTree = "<group>"; };
		C7E739661E8551AC00F14AAF /* UIColor+Additions.swift */ = {isa = PBXFileReference; fileEncoding = 4; lastKnownFileType = sourcecode.swift; path = "UIColor+Additions.swift"; sourceTree = "<group>"; };
		C7E739681E8551D500F14AAF /* UIFont+Additions.swift */ = {isa = PBXFileReference; fileEncoding = 4; lastKnownFileType = sourcecode.swift; path = "UIFont+Additions.swift"; sourceTree = "<group>"; };
		C7E7396A1E855AFA00F14AAF /* UIButton.swift */ = {isa = PBXFileReference; fileEncoding = 4; lastKnownFileType = sourcecode.swift; path = UIButton.swift; sourceTree = "<group>"; };
		C7E7396C1E8562A800F14AAF /* fonts */ = {isa = PBXFileReference; lastKnownFileType = folder; path = fonts; sourceTree = "<group>"; };
		C7E739701E85A24500F14AAF /* WaveformView.swift */ = {isa = PBXFileReference; fileEncoding = 4; lastKnownFileType = sourcecode.swift; path = WaveformView.swift; sourceTree = "<group>"; };
		C7E95DBC1E8502C500007646 /* AnalyzeResult.swift */ = {isa = PBXFileReference; fileEncoding = 4; lastKnownFileType = sourcecode.swift; path = AnalyzeResult.swift; sourceTree = "<group>"; };
		C7E95DBE1E85070000007646 /* BackendUrls.swift */ = {isa = PBXFileReference; fileEncoding = 4; lastKnownFileType = sourcecode.swift; path = BackendUrls.swift; sourceTree = "<group>"; };
		C7E95DC01E851AE300007646 /* appConfig.plist */ = {isa = PBXFileReference; fileEncoding = 4; lastKnownFileType = text.plist.xml; path = appConfig.plist; sourceTree = "<group>"; };
		C7E95DC21E851B0D00007646 /* AppConfig.swift */ = {isa = PBXFileReference; fileEncoding = 4; lastKnownFileType = sourcecode.swift; path = AppConfig.swift; sourceTree = "<group>"; };
		C7FF806D1E848BED0041B312 /* UserInformation.swift */ = {isa = PBXFileReference; fileEncoding = 4; lastKnownFileType = sourcecode.swift; path = UserInformation.swift; sourceTree = "<group>"; };
		C7FF80711E848D510041B312 /* Backend.swift */ = {isa = PBXFileReference; fileEncoding = 4; lastKnownFileType = sourcecode.swift; path = Backend.swift; sourceTree = "<group>"; };
		CD9284442721E00A33C923E5 /* Pods_AliceTests.framework */ = {isa = PBXFileReference; explicitFileType = wrapper.framework; includeInIndex = 0; path = Pods_AliceTests.framework; sourceTree = BUILT_PRODUCTS_DIR; };
		DB5C6B611A836EA8DDD0A905 /* Pods-Alice.debug.xcconfig */ = {isa = PBXFileReference; includeInIndex = 1; lastKnownFileType = text.xcconfig; name = "Pods-Alice.debug.xcconfig"; path = "Pods/Target Support Files/Pods-Alice/Pods-Alice.debug.xcconfig"; sourceTree = "<group>"; };
		EA09BC83E575A277EF5E2C92 /* Pods-Quotation3.0.debug.xcconfig */ = {isa = PBXFileReference; includeInIndex = 1; lastKnownFileType = text.xcconfig; name = "Pods-Quotation3.0.debug.xcconfig"; path = "Pods/Target Support Files/Pods-Quotation3.0/Pods-Quotation3.0.debug.xcconfig"; sourceTree = "<group>"; };
		EACAAED49F9C3E7AA556FFF1 /* Pods-Quotation3.0Tests.debug.xcconfig */ = {isa = PBXFileReference; includeInIndex = 1; lastKnownFileType = text.xcconfig; name = "Pods-Quotation3.0Tests.debug.xcconfig"; path = "Pods/Target Support Files/Pods-Quotation3.0Tests/Pods-Quotation3.0Tests.debug.xcconfig"; sourceTree = "<group>"; };
		EE30770D8B7956132000BFA9 /* Pods_Alice.framework */ = {isa = PBXFileReference; explicitFileType = wrapper.framework; includeInIndex = 0; path = Pods_Alice.framework; sourceTree = BUILT_PRODUCTS_DIR; };
/* End PBXFileReference section */

/* Begin PBXFrameworksBuildPhase section */
		C744E8471E80184C00DE2E7F /* Frameworks */ = {
			isa = PBXFrameworksBuildPhase;
			buildActionMask = 2147483647;
			files = (
				C77629811E893BC00085CE9A /* PassKit.framework in Frameworks */,
				C791D5DB1E86099200BE7088 /* CloudKit.framework in Frameworks */,
				E1014E02E7D75CA1E5912D82 /* Pods_Alice.framework in Frameworks */,
			);
			runOnlyForDeploymentPostprocessing = 0;
		};
		C744E85B1E80184D00DE2E7F /* Frameworks */ = {
			isa = PBXFrameworksBuildPhase;
			buildActionMask = 2147483647;
			files = (
				3EF8A60861FAB95D8863B669 /* Pods_AliceTests.framework in Frameworks */,
			);
			runOnlyForDeploymentPostprocessing = 0;
		};
		C744E8661E80184D00DE2E7F /* Frameworks */ = {
			isa = PBXFrameworksBuildPhase;
			buildActionMask = 2147483647;
			files = (
				7B1CE66A5BAF981F545EF487 /* Pods_AliceUITests.framework in Frameworks */,
			);
			runOnlyForDeploymentPostprocessing = 0;
		};
/* End PBXFrameworksBuildPhase section */

/* Begin PBXGroup section */
		C74292991EAAAC3C00EFDDE5 /* ExternalApp */ = {
			isa = PBXGroup;
			children = (
				C742929A1EAAAC7900EFDDE5 /* ExternalAppView.xib */,
				C742929C1EAAAC8400EFDDE5 /* ExternalAppView.swift */,
			);
			path = ExternalApp;
			sourceTree = "<group>";
		};
		C744E8411E80184C00DE2E7F = {
			isa = PBXGroup;
			children = (
				C744E84C1E80184C00DE2E7F /* Alice */,
				C744E8611E80184D00DE2E7F /* AliceTests */,
				C744E86C1E80184D00DE2E7F /* AliceUITests */,
				C744E84B1E80184C00DE2E7F /* Products */,
				EDD1630E533535397BA4F9B9 /* Pods */,
				EA0B1FBF6526E29582D0E5C3 /* Frameworks */,
			);
			sourceTree = "<group>";
		};
		C744E84B1E80184C00DE2E7F /* Products */ = {
			isa = PBXGroup;
			children = (
				C744E84A1E80184C00DE2E7F /* Alice Alianz.app */,
				C744E85E1E80184D00DE2E7F /* AliceTests.xctest */,
				C744E8691E80184D00DE2E7F /* AliceUITests.xctest */,
			);
			name = Products;
			sourceTree = "<group>";
		};
		C744E84C1E80184C00DE2E7F /* Alice */ = {
			isa = PBXGroup;
			children = (
				C7E7396C1E8562A800F14AAF /* fonts */,
				C7D22D2A1E8300B70062D199 /* sounds */,
				C7FF806F1E848D010041B312 /* api */,
				C7D22D231E82F5110062D199 /* extensions */,
				C7E6EC6A1EAA781600EC63CE /* UI */,
				C798F8441E82D453002D7C07 /* Welcome */,
				C744E8821E802BEA00DE2E7F /* GeneralInformation */,
				C798F8451E82D467002D7C07 /* UserStory */,
				C798F8461E82D472002D7C07 /* AdditionalQuestions */,
				C798F8471E82D481002D7C07 /* DataAccess */,
				C798F8481E82D490002D7C07 /* Summary */,
				C798F8491E82D49B002D7C07 /* Payment */,
				C744E87B1E801A1E00DE2E7F /* Quotation3.0.entitlements */,
				C7E95DC21E851B0D00007646 /* AppConfig.swift */,
				C744E84D1E80184C00DE2E7F /* AppDelegate.swift */,
				C798F8621E82DF1D002D7C07 /* ViewModel.swift */,
				C7E739641E852BBF00F14AAF /* HealthKit.swift */,
				C7E739621E8521F000F14AAF /* ExternalApps.swift */,
				C798F8421E807583002D7C07 /* Speech.swift */,
				C7D22D2C1E8301A40062D199 /* Sounds.swift */,
				C744E8891E8039D700DE2E7F /* Recorder.swift */,
				C76BC4E51E83399100475956 /* InterviewQuestion.swift */,
				C7FF806D1E848BED0041B312 /* UserInformation.swift */,
				C7E739661E8551AC00F14AAF /* UIColor+Additions.swift */,
				C7E739681E8551D500F14AAF /* UIFont+Additions.swift */,
				C7E739701E85A24500F14AAF /* WaveformView.swift */,
				C744E8511E80184C00DE2E7F /* Main.storyboard */,
				C744E8541E80184C00DE2E7F /* Assets.xcassets */,
				C744E8591E80184C00DE2E7F /* Info.plist */,
				C7E95DC01E851AE300007646 /* appConfig.plist */,
			);
			name = Alice;
			path = Quotation3.0;
			sourceTree = "<group>";
		};
		C744E8611E80184D00DE2E7F /* AliceTests */ = {
			isa = PBXGroup;
			children = (
				C744E8641E80184D00DE2E7F /* Info.plist */,
			);
			name = AliceTests;
			path = Quotation3.0Tests;
			sourceTree = "<group>";
		};
		C744E86C1E80184D00DE2E7F /* AliceUITests */ = {
			isa = PBXGroup;
			children = (
				C744E86F1E80184D00DE2E7F /* Info.plist */,
			);
			name = AliceUITests;
			path = Quotation3.0UITests;
			sourceTree = "<group>";
		};
		C744E8821E802BEA00DE2E7F /* GeneralInformation */ = {
			isa = PBXGroup;
			children = (
				C744E8851E80312100DE2E7F /* GeneralInformationView.swift */,
				C744E8871E80313500DE2E7F /* GeneralInforationViewModel.swift */,
			);
			name = GeneralInformation;
			path = GemeralInformation;
			sourceTree = "<group>";
		};
		C758FAE61EABF67100249393 /* InformationRow */ = {
			isa = PBXGroup;
			children = (
				C758FAE91EABF6A600249393 /* InformationRowView.xib */,
				C758FAE71EABF69E00249393 /* InformationRowView.swift */,
			);
			path = InformationRow;
			sourceTree = "<group>";
		};
		C798F8441E82D453002D7C07 /* Welcome */ = {
			isa = PBXGroup;
			children = (
				C798F84A1E82D55B002D7C07 /* WelcomeView.swift */,
				C798F8561E82D67A002D7C07 /* WelcomeViewModel.swift */,
			);
			path = Welcome;
			sourceTree = "<group>";
		};
		C798F8451E82D467002D7C07 /* UserStory */ = {
			isa = PBXGroup;
			children = (
				C798F84C1E82D598002D7C07 /* UserStoryView.swift */,
				C798F8581E82D6A3002D7C07 /* UserStoryViewModel.swift */,
			);
			path = UserStory;
			sourceTree = "<group>";
		};
		C798F8461E82D472002D7C07 /* AdditionalQuestions */ = {
			isa = PBXGroup;
			children = (
				C798F84E1E82D5C7002D7C07 /* AdditionalQuestionsView.swift */,
				C798F85A1E82D6BC002D7C07 /* AdditionalQuestionsViewModel.swift */,
			);
			path = AdditionalQuestions;
			sourceTree = "<group>";
		};
		C798F8471E82D481002D7C07 /* DataAccess */ = {
			isa = PBXGroup;
			children = (
				C798F8501E82D5E3002D7C07 /* DataAccessView.swift */,
				C798F85C1E82D71C002D7C07 /* DataAccessViewModel.swift */,
			);
			path = DataAccess;
			sourceTree = "<group>";
		};
		C798F8481E82D490002D7C07 /* Summary */ = {
			isa = PBXGroup;
			children = (
				C798F8521E82D628002D7C07 /* SummaryView.swift */,
				C798F85E1E82D739002D7C07 /* SummaryViewModel.swift */,
			);
			path = Summary;
			sourceTree = "<group>";
		};
		C798F8491E82D49B002D7C07 /* Payment */ = {
			isa = PBXGroup;
			children = (
				C798F8541E82D641002D7C07 /* PaymentView.swift */,
				C798F8601E82D760002D7C07 /* PaymentViewModel.swift */,
			);
			path = Payment;
			sourceTree = "<group>";
		};
		C7D22D231E82F5110062D199 /* extensions */ = {
			isa = PBXGroup;
			children = (
				C7E7396A1E855AFA00F14AAF /* UIButton.swift */,
			);
			path = extensions;
			sourceTree = "<group>";
		};
		C7E6EC6A1EAA781600EC63CE /* UI */ = {
			isa = PBXGroup;
			children = (
				C7E6EC6B1EAA782300EC63CE /* AliceSays */,
				C74292991EAAAC3C00EFDDE5 /* ExternalApp */,
				C758FAE61EABF67100249393 /* InformationRow */,
			);
			path = UI;
			sourceTree = "<group>";
		};
		C7E6EC6B1EAA782300EC63CE /* AliceSays */ = {
			isa = PBXGroup;
			children = (
				C7E6EC6C1EAA787500EC63CE /* AliceSaysView.xib */,
				C7E6EC6E1EAA788000EC63CE /* AliceSaysView.swift */,
			);
			name = AliceSays;
			path = UI/AliceSays;
			sourceTree = "<group>";
		};
		C7FF806F1E848D010041B312 /* api */ = {
			isa = PBXGroup;
			children = (
				C7FF80701E848D220041B312 /* model */,
				C7FF80711E848D510041B312 /* Backend.swift */,
				C7E95DBE1E85070000007646 /* BackendUrls.swift */,
			);
			path = api;
			sourceTree = "<group>";
		};
		C7FF80701E848D220041B312 /* model */ = {
			isa = PBXGroup;
			children = (
				C7E95DBC1E8502C500007646 /* AnalyzeResult.swift */,
				C791D5DC1E86254800BE7088 /* Quote.swift */,
				C71CB68C1E86945900CA6681 /* PersonalData.swift */,
			);
			path = model;
			sourceTree = "<group>";
		};
		EA0B1FBF6526E29582D0E5C3 /* Frameworks */ = {
			isa = PBXGroup;
			children = (
				C77629801E893BC00085CE9A /* PassKit.framework */,
				C791D5DA1E86099200BE7088 /* CloudKit.framework */,
				EE30770D8B7956132000BFA9 /* Pods_Alice.framework */,
				CD9284442721E00A33C923E5 /* Pods_AliceTests.framework */,
				A2EF4836AA21884D8A4893DA /* Pods_AliceUITests.framework */,
			);
			name = Frameworks;
			sourceTree = "<group>";
		};
		EDD1630E533535397BA4F9B9 /* Pods */ = {
			isa = PBXGroup;
			children = (
				EA09BC83E575A277EF5E2C92 /* Pods-Quotation3.0.debug.xcconfig */,
				144C444393A2F09E2078C614 /* Pods-Quotation3.0.release.xcconfig */,
				EACAAED49F9C3E7AA556FFF1 /* Pods-Quotation3.0Tests.debug.xcconfig */,
				8A85A9826F342075FB691A4C /* Pods-Quotation3.0Tests.release.xcconfig */,
				6D364770750E2C0BF4C6FBF6 /* Pods-Quotation3.0UITests.debug.xcconfig */,
				65F8E8E5E2A3CE798E6820D9 /* Pods-Quotation3.0UITests.release.xcconfig */,
				DB5C6B611A836EA8DDD0A905 /* Pods-Alice.debug.xcconfig */,
				7891FECE4A97AF4683E25E26 /* Pods-Alice.release.xcconfig */,
				B797B79527740A61C564C6D7 /* Pods-AliceTests.debug.xcconfig */,
				B6F59384AB9A12DF0C84F360 /* Pods-AliceTests.release.xcconfig */,
				C5184271CDE375984C586272 /* Pods-AliceUITests.debug.xcconfig */,
				749910AFBA1063E29F65E851 /* Pods-AliceUITests.release.xcconfig */,
			);
			name = Pods;
			sourceTree = "<group>";
		};
/* End PBXGroup section */

/* Begin PBXNativeTarget section */
		C744E8491E80184C00DE2E7F /* Alice */ = {
			isa = PBXNativeTarget;
			buildConfigurationList = C744E8721E80184D00DE2E7F /* Build configuration list for PBXNativeTarget "Alice" */;
			buildPhases = (
				DEACF4577AFAF05BDB6ED405 /* [CP] Check Pods Manifest.lock */,
				C744E8461E80184C00DE2E7F /* Sources */,
				C744E8471E80184C00DE2E7F /* Frameworks */,
				C744E8481E80184C00DE2E7F /* Resources */,
				F5407E179AAEE5DF8E5B8AA1 /* [CP] Embed Pods Frameworks */,
				632148940630F4C2A59D2387 /* [CP] Copy Pods Resources */,
			);
			buildRules = (
			);
			dependencies = (
			);
			name = Alice;
			productName = Quotation3.0;
			productReference = C744E84A1E80184C00DE2E7F /* Alice Alianz.app */;
			productType = "com.apple.product-type.application";
		};
		C744E85D1E80184D00DE2E7F /* AliceTests */ = {
			isa = PBXNativeTarget;
			buildConfigurationList = C744E8751E80184D00DE2E7F /* Build configuration list for PBXNativeTarget "AliceTests" */;
			buildPhases = (
				B21C248916B57E918E1A45A1 /* [CP] Check Pods Manifest.lock */,
				C744E85A1E80184D00DE2E7F /* Sources */,
				C744E85B1E80184D00DE2E7F /* Frameworks */,
				C744E85C1E80184D00DE2E7F /* Resources */,
				ACF613BF22A698AE6BECA717 /* [CP] Embed Pods Frameworks */,
				94B44A209D5CCEDBB0591ABB /* [CP] Copy Pods Resources */,
			);
			buildRules = (
			);
			dependencies = (
				C744E8601E80184D00DE2E7F /* PBXTargetDependency */,
			);
			name = AliceTests;
			productName = Quotation3.0Tests;
			productReference = C744E85E1E80184D00DE2E7F /* AliceTests.xctest */;
			productType = "com.apple.product-type.bundle.unit-test";
		};
		C744E8681E80184D00DE2E7F /* AliceUITests */ = {
			isa = PBXNativeTarget;
			buildConfigurationList = C744E8781E80184D00DE2E7F /* Build configuration list for PBXNativeTarget "AliceUITests" */;
			buildPhases = (
				01A36E94462C15E5790D7173 /* [CP] Check Pods Manifest.lock */,
				C744E8651E80184D00DE2E7F /* Sources */,
				C744E8661E80184D00DE2E7F /* Frameworks */,
				C744E8671E80184D00DE2E7F /* Resources */,
				53752A8E70CB6BC895B5C4B3 /* [CP] Embed Pods Frameworks */,
				0CD0B536DCD0F141AF45178E /* [CP] Copy Pods Resources */,
			);
			buildRules = (
			);
			dependencies = (
				C744E86B1E80184D00DE2E7F /* PBXTargetDependency */,
			);
			name = AliceUITests;
			productName = Quotation3.0UITests;
			productReference = C744E8691E80184D00DE2E7F /* AliceUITests.xctest */;
			productType = "com.apple.product-type.bundle.ui-testing";
		};
/* End PBXNativeTarget section */

/* Begin PBXProject section */
		C744E8421E80184C00DE2E7F /* Project object */ = {
			isa = PBXProject;
			attributes = {
				LastSwiftUpdateCheck = 0820;
				LastUpgradeCheck = 0820;
				ORGANIZATIONNAME = "QD Team";
				TargetAttributes = {
					C744E8491E80184C00DE2E7F = {
						CreatedOnToolsVersion = 8.2.1;
						DevelopmentTeam = 8QKQ6Z2FMP;
						ProvisioningStyle = Automatic;
						SystemCapabilities = {
							com.apple.ApplePay = {
								enabled = 1;
							};
							com.apple.HealthKit = {
								enabled = 0;
							};
							com.apple.Push = {
								enabled = 1;
							};
							com.apple.Siri = {
								enabled = 0;
							};
							com.apple.Wallet = {
								enabled = 1;
							};
							com.apple.iCloud = {
								enabled = 1;
							};
						};
					};
					C744E85D1E80184D00DE2E7F = {
						CreatedOnToolsVersion = 8.2.1;
						DevelopmentTeam = 8QKQ6Z2FMP;
						ProvisioningStyle = Automatic;
						TestTargetID = C744E8491E80184C00DE2E7F;
					};
					C744E8681E80184D00DE2E7F = {
						CreatedOnToolsVersion = 8.2.1;
						DevelopmentTeam = 8QKQ6Z2FMP;
						ProvisioningStyle = Automatic;
						TestTargetID = C744E8491E80184C00DE2E7F;
					};
				};
			};
			buildConfigurationList = C744E8451E80184C00DE2E7F /* Build configuration list for PBXProject "Alice" */;
			compatibilityVersion = "Xcode 3.2";
			developmentRegion = English;
			hasScannedForEncodings = 0;
			knownRegions = (
				en,
				Base,
			);
			mainGroup = C744E8411E80184C00DE2E7F;
			productRefGroup = C744E84B1E80184C00DE2E7F /* Products */;
			projectDirPath = "";
			projectRoot = "";
			targets = (
				C744E8491E80184C00DE2E7F /* Alice */,
				C744E85D1E80184D00DE2E7F /* AliceTests */,
				C744E8681E80184D00DE2E7F /* AliceUITests */,
			);
		};
/* End PBXProject section */

/* Begin PBXResourcesBuildPhase section */
		C744E8481E80184C00DE2E7F /* Resources */ = {
			isa = PBXResourcesBuildPhase;
			buildActionMask = 2147483647;
			files = (
				C758FAEA1EABF6A600249393 /* InformationRowView.xib in Resources */,
				C744E8551E80184C00DE2E7F /* Assets.xcassets in Resources */,
				C742929B1EAAAC7900EFDDE5 /* ExternalAppView.xib in Resources */,
				C7D22D2B1E8300B70062D199 /* sounds in Resources */,
				C7E7396D1E8562A800F14AAF /* fonts in Resources */,
				C744E8531E80184C00DE2E7F /* Main.storyboard in Resources */,
				C7E6EC6D1EAA787500EC63CE /* AliceSaysView.xib in Resources */,
				C7E95DC11E851AE300007646 /* appConfig.plist in Resources */,
			);
			runOnlyForDeploymentPostprocessing = 0;
		};
		C744E85C1E80184D00DE2E7F /* Resources */ = {
			isa = PBXResourcesBuildPhase;
			buildActionMask = 2147483647;
			files = (
			);
			runOnlyForDeploymentPostprocessing = 0;
		};
		C744E8671E80184D00DE2E7F /* Resources */ = {
			isa = PBXResourcesBuildPhase;
			buildActionMask = 2147483647;
			files = (
			);
			runOnlyForDeploymentPostprocessing = 0;
		};
/* End PBXResourcesBuildPhase section */

/* Begin PBXShellScriptBuildPhase section */
		01A36E94462C15E5790D7173 /* [CP] Check Pods Manifest.lock */ = {
			isa = PBXShellScriptBuildPhase;
			buildActionMask = 2147483647;
			files = (
			);
			inputPaths = (
			);
			name = "[CP] Check Pods Manifest.lock";
			outputPaths = (
			);
			runOnlyForDeploymentPostprocessing = 0;
			shellPath = /bin/sh;
			shellScript = "diff \"${PODS_PODFILE_DIR_PATH}/Podfile.lock\" \"${PODS_ROOT}/Manifest.lock\" > /dev/null\nif [ $? != 0 ] ; then\n    # print error to STDERR\n    echo \"error: The sandbox is not in sync with the Podfile.lock. Run 'pod install' or update your CocoaPods installation.\" >&2\n    exit 1\nfi\n";
			showEnvVarsInLog = 0;
		};
		0CD0B536DCD0F141AF45178E /* [CP] Copy Pods Resources */ = {
			isa = PBXShellScriptBuildPhase;
			buildActionMask = 2147483647;
			files = (
			);
			inputPaths = (
			);
			name = "[CP] Copy Pods Resources";
			outputPaths = (
			);
			runOnlyForDeploymentPostprocessing = 0;
			shellPath = /bin/sh;
			shellScript = "\"${SRCROOT}/Pods/Target Support Files/Pods-AliceUITests/Pods-AliceUITests-resources.sh\"\n";
			showEnvVarsInLog = 0;
		};
		53752A8E70CB6BC895B5C4B3 /* [CP] Embed Pods Frameworks */ = {
			isa = PBXShellScriptBuildPhase;
			buildActionMask = 2147483647;
			files = (
			);
			inputPaths = (
			);
			name = "[CP] Embed Pods Frameworks";
			outputPaths = (
			);
			runOnlyForDeploymentPostprocessing = 0;
			shellPath = /bin/sh;
			shellScript = "\"${SRCROOT}/Pods/Target Support Files/Pods-AliceUITests/Pods-AliceUITests-frameworks.sh\"\n";
			showEnvVarsInLog = 0;
		};
		632148940630F4C2A59D2387 /* [CP] Copy Pods Resources */ = {
			isa = PBXShellScriptBuildPhase;
			buildActionMask = 2147483647;
			files = (
			);
			inputPaths = (
			);
			name = "[CP] Copy Pods Resources";
			outputPaths = (
			);
			runOnlyForDeploymentPostprocessing = 0;
			shellPath = /bin/sh;
			shellScript = "\"${SRCROOT}/Pods/Target Support Files/Pods-Alice/Pods-Alice-resources.sh\"\n";
			showEnvVarsInLog = 0;
		};
		94B44A209D5CCEDBB0591ABB /* [CP] Copy Pods Resources */ = {
			isa = PBXShellScriptBuildPhase;
			buildActionMask = 2147483647;
			files = (
			);
			inputPaths = (
			);
			name = "[CP] Copy Pods Resources";
			outputPaths = (
			);
			runOnlyForDeploymentPostprocessing = 0;
			shellPath = /bin/sh;
			shellScript = "\"${SRCROOT}/Pods/Target Support Files/Pods-AliceTests/Pods-AliceTests-resources.sh\"\n";
			showEnvVarsInLog = 0;
		};
		ACF613BF22A698AE6BECA717 /* [CP] Embed Pods Frameworks */ = {
			isa = PBXShellScriptBuildPhase;
			buildActionMask = 2147483647;
			files = (
			);
			inputPaths = (
			);
			name = "[CP] Embed Pods Frameworks";
			outputPaths = (
			);
			runOnlyForDeploymentPostprocessing = 0;
			shellPath = /bin/sh;
			shellScript = "\"${SRCROOT}/Pods/Target Support Files/Pods-AliceTests/Pods-AliceTests-frameworks.sh\"\n";
			showEnvVarsInLog = 0;
		};
		B21C248916B57E918E1A45A1 /* [CP] Check Pods Manifest.lock */ = {
			isa = PBXShellScriptBuildPhase;
			buildActionMask = 2147483647;
			files = (
			);
			inputPaths = (
			);
			name = "[CP] Check Pods Manifest.lock";
			outputPaths = (
			);
			runOnlyForDeploymentPostprocessing = 0;
			shellPath = /bin/sh;
			shellScript = "diff \"${PODS_PODFILE_DIR_PATH}/Podfile.lock\" \"${PODS_ROOT}/Manifest.lock\" > /dev/null\nif [ $? != 0 ] ; then\n    # print error to STDERR\n    echo \"error: The sandbox is not in sync with the Podfile.lock. Run 'pod install' or update your CocoaPods installation.\" >&2\n    exit 1\nfi\n";
			showEnvVarsInLog = 0;
		};
		DEACF4577AFAF05BDB6ED405 /* [CP] Check Pods Manifest.lock */ = {
			isa = PBXShellScriptBuildPhase;
			buildActionMask = 2147483647;
			files = (
			);
			inputPaths = (
			);
			name = "[CP] Check Pods Manifest.lock";
			outputPaths = (
			);
			runOnlyForDeploymentPostprocessing = 0;
			shellPath = /bin/sh;
			shellScript = "diff \"${PODS_PODFILE_DIR_PATH}/Podfile.lock\" \"${PODS_ROOT}/Manifest.lock\" > /dev/null\nif [ $? != 0 ] ; then\n    # print error to STDERR\n    echo \"error: The sandbox is not in sync with the Podfile.lock. Run 'pod install' or update your CocoaPods installation.\" >&2\n    exit 1\nfi\n";
			showEnvVarsInLog = 0;
		};
		F5407E179AAEE5DF8E5B8AA1 /* [CP] Embed Pods Frameworks */ = {
			isa = PBXShellScriptBuildPhase;
			buildActionMask = 2147483647;
			files = (
			);
			inputPaths = (
			);
			name = "[CP] Embed Pods Frameworks";
			outputPaths = (
			);
			runOnlyForDeploymentPostprocessing = 0;
			shellPath = /bin/sh;
			shellScript = "\"${SRCROOT}/Pods/Target Support Files/Pods-Alice/Pods-Alice-frameworks.sh\"\n";
			showEnvVarsInLog = 0;
		};
/* End PBXShellScriptBuildPhase section */

/* Begin PBXSourcesBuildPhase section */
		C744E8461E80184C00DE2E7F /* Sources */ = {
			isa = PBXSourcesBuildPhase;
			buildActionMask = 2147483647;
			files = (
				C7E6EC6F1EAA788000EC63CE /* AliceSaysView.swift in Sources */,
				C7E95DBD1E8502C500007646 /* AnalyzeResult.swift in Sources */,
				C744E8881E80313500DE2E7F /* GeneralInforationViewModel.swift in Sources */,
				C798F8551E82D641002D7C07 /* PaymentView.swift in Sources */,
				C7E739651E852BBF00F14AAF /* HealthKit.swift in Sources */,
				C798F84D1E82D598002D7C07 /* UserStoryView.swift in Sources */,
				C798F84B1E82D55B002D7C07 /* WelcomeView.swift in Sources */,
				C7FF806E1E848BED0041B312 /* UserInformation.swift in Sources */,
				C798F85D1E82D71C002D7C07 /* DataAccessViewModel.swift in Sources */,
				C71CB68D1E86945900CA6681 /* PersonalData.swift in Sources */,
				C76BC4E61E83399100475956 /* InterviewQuestion.swift in Sources */,
				C791D5DD1E86254800BE7088 /* Quote.swift in Sources */,
				C7E7396B1E855AFA00F14AAF /* UIButton.swift in Sources */,
				C742929D1EAAAC8400EFDDE5 /* ExternalAppView.swift in Sources */,
				C7E95DBF1E85070000007646 /* BackendUrls.swift in Sources */,
				C744E8861E80312100DE2E7F /* GeneralInformationView.swift in Sources */,
				C7D22D2D1E8301A40062D199 /* Sounds.swift in Sources */,
				C7FF80721E848D510041B312 /* Backend.swift in Sources */,
				C7E739711E85A24500F14AAF /* WaveformView.swift in Sources */,
				C744E84E1E80184C00DE2E7F /* AppDelegate.swift in Sources */,
				C798F8511E82D5E3002D7C07 /* DataAccessView.swift in Sources */,
				C7E739691E8551D500F14AAF /* UIFont+Additions.swift in Sources */,
				C798F8571E82D67A002D7C07 /* WelcomeViewModel.swift in Sources */,
				C798F8591E82D6A3002D7C07 /* UserStoryViewModel.swift in Sources */,
				C758FAE81EABF69E00249393 /* InformationRowView.swift in Sources */,
				C798F8631E82DF1D002D7C07 /* ViewModel.swift in Sources */,
				C798F85B1E82D6BC002D7C07 /* AdditionalQuestionsViewModel.swift in Sources */,
				C7E739671E8551AC00F14AAF /* UIColor+Additions.swift in Sources */,
				C798F8611E82D760002D7C07 /* PaymentViewModel.swift in Sources */,
				C798F85F1E82D739002D7C07 /* SummaryViewModel.swift in Sources */,
				C798F8431E807583002D7C07 /* Speech.swift in Sources */,
				C798F8531E82D628002D7C07 /* SummaryView.swift in Sources */,
				C7E95DC31E851B0D00007646 /* AppConfig.swift in Sources */,
				C7E739631E8521F000F14AAF /* ExternalApps.swift in Sources */,
				C744E88A1E8039D700DE2E7F /* Recorder.swift in Sources */,
				C798F84F1E82D5C7002D7C07 /* AdditionalQuestionsView.swift in Sources */,
			);
			runOnlyForDeploymentPostprocessing = 0;
		};
		C744E85A1E80184D00DE2E7F /* Sources */ = {
			isa = PBXSourcesBuildPhase;
			buildActionMask = 2147483647;
			files = (
			);
			runOnlyForDeploymentPostprocessing = 0;
		};
		C744E8651E80184D00DE2E7F /* Sources */ = {
			isa = PBXSourcesBuildPhase;
			buildActionMask = 2147483647;
			files = (
			);
			runOnlyForDeploymentPostprocessing = 0;
		};
/* End PBXSourcesBuildPhase section */

/* Begin PBXTargetDependency section */
		C744E8601E80184D00DE2E7F /* PBXTargetDependency */ = {
			isa = PBXTargetDependency;
			target = C744E8491E80184C00DE2E7F /* Alice */;
			targetProxy = C744E85F1E80184D00DE2E7F /* PBXContainerItemProxy */;
		};
		C744E86B1E80184D00DE2E7F /* PBXTargetDependency */ = {
			isa = PBXTargetDependency;
			target = C744E8491E80184C00DE2E7F /* Alice */;
			targetProxy = C744E86A1E80184D00DE2E7F /* PBXContainerItemProxy */;
		};
/* End PBXTargetDependency section */

/* Begin PBXVariantGroup section */
		C744E8511E80184C00DE2E7F /* Main.storyboard */ = {
			isa = PBXVariantGroup;
			children = (
				C744E8521E80184C00DE2E7F /* Base */,
			);
			name = Main.storyboard;
			sourceTree = "<group>";
		};
/* End PBXVariantGroup section */

/* Begin XCBuildConfiguration section */
		C744E8701E80184D00DE2E7F /* Debug */ = {
			isa = XCBuildConfiguration;
			buildSettings = {
				ALWAYS_SEARCH_USER_PATHS = NO;
				CLANG_ANALYZER_NONNULL = YES;
				CLANG_CXX_LANGUAGE_STANDARD = "gnu++0x";
				CLANG_CXX_LIBRARY = "libc++";
				CLANG_ENABLE_MODULES = YES;
				CLANG_ENABLE_OBJC_ARC = YES;
				CLANG_WARN_BOOL_CONVERSION = YES;
				CLANG_WARN_CONSTANT_CONVERSION = YES;
				CLANG_WARN_DIRECT_OBJC_ISA_USAGE = YES_ERROR;
				CLANG_WARN_DOCUMENTATION_COMMENTS = YES;
				CLANG_WARN_EMPTY_BODY = YES;
				CLANG_WARN_ENUM_CONVERSION = YES;
				CLANG_WARN_INFINITE_RECURSION = NO;
				CLANG_WARN_INT_CONVERSION = YES;
				CLANG_WARN_OBJC_ROOT_CLASS = YES_ERROR;
				CLANG_WARN_SUSPICIOUS_MOVE = NO;
				CLANG_WARN_UNREACHABLE_CODE = YES;
				CLANG_WARN__DUPLICATE_METHOD_MATCH = YES;
				"CODE_SIGN_IDENTITY[sdk=iphoneos*]" = "iPhone Developer";
				COPY_PHASE_STRIP = NO;
				DEBUG_INFORMATION_FORMAT = dwarf;
				ENABLE_BITCODE = NO;
				ENABLE_STRICT_OBJC_MSGSEND = YES;
				ENABLE_TESTABILITY = YES;
				GCC_C_LANGUAGE_STANDARD = gnu99;
				GCC_DYNAMIC_NO_PIC = NO;
				GCC_NO_COMMON_BLOCKS = NO;
				GCC_OPTIMIZATION_LEVEL = 0;
				GCC_PREPROCESSOR_DEFINITIONS = (
					"DEBUG=1",
					"$(inherited)",
				);
				GCC_WARN_64_TO_32_BIT_CONVERSION = YES;
				GCC_WARN_ABOUT_RETURN_TYPE = YES_ERROR;
				GCC_WARN_UNDECLARED_SELECTOR = YES;
				GCC_WARN_UNINITIALIZED_AUTOS = YES_AGGRESSIVE;
				GCC_WARN_UNUSED_FUNCTION = YES;
				GCC_WARN_UNUSED_VARIABLE = YES;
				"INFOPLIST_FILE[sdk=*]" = "";
				IPHONEOS_DEPLOYMENT_TARGET = 10.2;
				MTL_ENABLE_DEBUG_INFO = YES;
				ONLY_ACTIVE_ARCH = YES;
				SDKROOT = iphoneos;
				SWIFT_ACTIVE_COMPILATION_CONDITIONS = DEBUG;
				SWIFT_OPTIMIZATION_LEVEL = "-Onone";
			};
			name = Debug;
		};
		C744E8711E80184D00DE2E7F /* Release */ = {
			isa = XCBuildConfiguration;
			buildSettings = {
				ALWAYS_SEARCH_USER_PATHS = NO;
				CLANG_ANALYZER_NONNULL = YES;
				CLANG_CXX_LANGUAGE_STANDARD = "gnu++0x";
				CLANG_CXX_LIBRARY = "libc++";
				CLANG_ENABLE_MODULES = YES;
				CLANG_ENABLE_OBJC_ARC = YES;
				CLANG_WARN_BOOL_CONVERSION = YES;
				CLANG_WARN_CONSTANT_CONVERSION = YES;
				CLANG_WARN_DIRECT_OBJC_ISA_USAGE = YES_ERROR;
				CLANG_WARN_DOCUMENTATION_COMMENTS = YES;
				CLANG_WARN_EMPTY_BODY = YES;
				CLANG_WARN_ENUM_CONVERSION = YES;
				CLANG_WARN_INFINITE_RECURSION = NO;
				CLANG_WARN_INT_CONVERSION = YES;
				CLANG_WARN_OBJC_ROOT_CLASS = YES_ERROR;
				CLANG_WARN_SUSPICIOUS_MOVE = NO;
				CLANG_WARN_UNREACHABLE_CODE = YES;
				CLANG_WARN__DUPLICATE_METHOD_MATCH = YES;
				"CODE_SIGN_IDENTITY[sdk=iphoneos*]" = "iPhone Developer";
				COPY_PHASE_STRIP = NO;
				DEBUG_INFORMATION_FORMAT = "dwarf-with-dsym";
				ENABLE_BITCODE = NO;
				ENABLE_NS_ASSERTIONS = NO;
				ENABLE_STRICT_OBJC_MSGSEND = YES;
				GCC_C_LANGUAGE_STANDARD = gnu99;
				GCC_NO_COMMON_BLOCKS = NO;
				GCC_WARN_64_TO_32_BIT_CONVERSION = YES;
				GCC_WARN_ABOUT_RETURN_TYPE = YES_ERROR;
				GCC_WARN_UNDECLARED_SELECTOR = YES;
				GCC_WARN_UNINITIALIZED_AUTOS = YES_AGGRESSIVE;
				GCC_WARN_UNUSED_FUNCTION = YES;
				GCC_WARN_UNUSED_VARIABLE = YES;
				IPHONEOS_DEPLOYMENT_TARGET = 10.2;
				MTL_ENABLE_DEBUG_INFO = NO;
				SDKROOT = iphoneos;
				SWIFT_OPTIMIZATION_LEVEL = "-Owholemodule";
				VALIDATE_PRODUCT = YES;
			};
			name = Release;
		};
		C744E8731E80184D00DE2E7F /* Debug */ = {
			isa = XCBuildConfiguration;
			baseConfigurationReference = DB5C6B611A836EA8DDD0A905 /* Pods-Alice.debug.xcconfig */;
			buildSettings = {
				ASSETCATALOG_COMPILER_APPICON_NAME = AppIcon;
				ASSETCATALOG_COMPILER_LAUNCHIMAGE_NAME = LaunchImage;
				CODE_SIGN_ENTITLEMENTS = Quotation3.0/Quotation3.0.entitlements;
				CREATE_INFOPLIST_SECTION_IN_BINARY = YES;
				DEVELOPMENT_TEAM = 8QKQ6Z2FMP;
				ENABLE_BITCODE = YES;
				INFOPLIST_FILE = Quotation3.0/Info.plist;
				LD_RUNPATH_SEARCH_PATHS = "$(inherited) @executable_path/Frameworks";
				PRODUCT_BUNDLE_IDENTIFIER = de.hacknext.alice;
				PRODUCT_NAME = "$(TARGET_NAME) Alianz";
				SWIFT_VERSION = 3.0;
			};
			name = Debug;
		};
		C744E8741E80184D00DE2E7F /* Release */ = {
			isa = XCBuildConfiguration;
			baseConfigurationReference = 7891FECE4A97AF4683E25E26 /* Pods-Alice.release.xcconfig */;
			buildSettings = {
				ASSETCATALOG_COMPILER_APPICON_NAME = AppIcon;
				ASSETCATALOG_COMPILER_LAUNCHIMAGE_NAME = LaunchImage;
				CODE_SIGN_ENTITLEMENTS = Quotation3.0/Quotation3.0.entitlements;
				CREATE_INFOPLIST_SECTION_IN_BINARY = YES;
				DEVELOPMENT_TEAM = 8QKQ6Z2FMP;
				ENABLE_BITCODE = YES;
				INFOPLIST_FILE = Quotation3.0/Info.plist;
				LD_RUNPATH_SEARCH_PATHS = "$(inherited) @executable_path/Frameworks";
				PRODUCT_BUNDLE_IDENTIFIER = de.hacknext.alice;
				PRODUCT_NAME = "$(TARGET_NAME) Alianz";
				SWIFT_VERSION = 3.0;
			};
			name = Release;
		};
		C744E8761E80184D00DE2E7F /* Debug */ = {
			isa = XCBuildConfiguration;
			baseConfigurationReference = B797B79527740A61C564C6D7 /* Pods-AliceTests.debug.xcconfig */;
			buildSettings = {
				ALWAYS_EMBED_SWIFT_STANDARD_LIBRARIES = YES;
				BUNDLE_LOADER = "$(TEST_HOST)";
				DEVELOPMENT_TEAM = 8QKQ6Z2FMP;
				INFOPLIST_FILE = Quotation3.0Tests/Info.plist;
				LD_RUNPATH_SEARCH_PATHS = "$(inherited) @executable_path/Frameworks @loader_path/Frameworks";
				PRODUCT_BUNDLE_IDENTIFIER = "de.hacknext.Quotation3-0Tests";
				PRODUCT_NAME = "$(TARGET_NAME)";
				SWIFT_VERSION = 3.0;
				TEST_HOST = "$(BUILT_PRODUCTS_DIR)/Alice.app/Alice";
			};
			name = Debug;
		};
		C744E8771E80184D00DE2E7F /* Release */ = {
			isa = XCBuildConfiguration;
			baseConfigurationReference = B6F59384AB9A12DF0C84F360 /* Pods-AliceTests.release.xcconfig */;
			buildSettings = {
				ALWAYS_EMBED_SWIFT_STANDARD_LIBRARIES = YES;
				BUNDLE_LOADER = "$(TEST_HOST)";
				DEVELOPMENT_TEAM = 8QKQ6Z2FMP;
				INFOPLIST_FILE = Quotation3.0Tests/Info.plist;
				LD_RUNPATH_SEARCH_PATHS = "$(inherited) @executable_path/Frameworks @loader_path/Frameworks";
				PRODUCT_BUNDLE_IDENTIFIER = "de.hacknext.Quotation3-0Tests";
				PRODUCT_NAME = "$(TARGET_NAME)";
				SWIFT_VERSION = 3.0;
				TEST_HOST = "$(BUILT_PRODUCTS_DIR)/Alice.app/Alice";
			};
			name = Release;
		};
		C744E8791E80184D00DE2E7F /* Debug */ = {
			isa = XCBuildConfiguration;
			baseConfigurationReference = C5184271CDE375984C586272 /* Pods-AliceUITests.debug.xcconfig */;
			buildSettings = {
				ALWAYS_EMBED_SWIFT_STANDARD_LIBRARIES = YES;
				DEVELOPMENT_TEAM = 8QKQ6Z2FMP;
				INFOPLIST_FILE = Quotation3.0UITests/Info.plist;
				LD_RUNPATH_SEARCH_PATHS = "$(inherited) @executable_path/Frameworks @loader_path/Frameworks";
				PRODUCT_BUNDLE_IDENTIFIER = "de.hacknext.Quotation3-0UITests";
				PRODUCT_NAME = "$(TARGET_NAME)";
				SWIFT_VERSION = 3.0;
				TEST_TARGET_NAME = Quotation3.0;
			};
			name = Debug;
		};
		C744E87A1E80184D00DE2E7F /* Release */ = {
			isa = XCBuildConfiguration;
			baseConfigurationReference = 749910AFBA1063E29F65E851 /* Pods-AliceUITests.release.xcconfig */;
			buildSettings = {
				ALWAYS_EMBED_SWIFT_STANDARD_LIBRARIES = YES;
				DEVELOPMENT_TEAM = 8QKQ6Z2FMP;
				INFOPLIST_FILE = Quotation3.0UITests/Info.plist;
				LD_RUNPATH_SEARCH_PATHS = "$(inherited) @executable_path/Frameworks @loader_path/Frameworks";
				PRODUCT_BUNDLE_IDENTIFIER = "de.hacknext.Quotation3-0UITests";
				PRODUCT_NAME = "$(TARGET_NAME)";
				SWIFT_VERSION = 3.0;
				TEST_TARGET_NAME = Quotation3.0;
			};
			name = Release;
		};
/* End XCBuildConfiguration section */

/* Begin XCConfigurationList section */
		C744E8451E80184C00DE2E7F /* Build configuration list for PBXProject "Alice" */ = {
			isa = XCConfigurationList;
			buildConfigurations = (
				C744E8701E80184D00DE2E7F /* Debug */,
				C744E8711E80184D00DE2E7F /* Release */,
			);
			defaultConfigurationIsVisible = 0;
			defaultConfigurationName = Release;
		};
		C744E8721E80184D00DE2E7F /* Build configuration list for PBXNativeTarget "Alice" */ = {
			isa = XCConfigurationList;
			buildConfigurations = (
				C744E8731E80184D00DE2E7F /* Debug */,
				C744E8741E80184D00DE2E7F /* Release */,
			);
			defaultConfigurationIsVisible = 0;
			defaultConfigurationName = Release;
		};
		C744E8751E80184D00DE2E7F /* Build configuration list for PBXNativeTarget "AliceTests" */ = {
			isa = XCConfigurationList;
			buildConfigurations = (
				C744E8761E80184D00DE2E7F /* Debug */,
				C744E8771E80184D00DE2E7F /* Release */,
			);
			defaultConfigurationIsVisible = 0;
			defaultConfigurationName = Release;
		};
		C744E8781E80184D00DE2E7F /* Build configuration list for PBXNativeTarget "AliceUITests" */ = {
			isa = XCConfigurationList;
			buildConfigurations = (
				C744E8791E80184D00DE2E7F /* Debug */,
				C744E87A1E80184D00DE2E7F /* Release */,
			);
			defaultConfigurationIsVisible = 0;
			defaultConfigurationName = Release;
		};
/* End XCConfigurationList section */
	};
	rootObject = C744E8421E80184C00DE2E7F /* Project object */;
}
